<?xml version="1.0" encoding="utf-8"?>
<Project ToolsVersion="4.0" xmlns="http://schemas.microsoft.com/developer/msbuild/2003">
  <ItemGroup>
    <Filter Include="소스 파일">
      <UniqueIdentifier>{4FC737F1-C7A5-4376-A066-2A32D752A2FF}</UniqueIdentifier>
      <Extensions>cpp;c;cc;cxx;def;odl;idl;hpj;bat;asm;asmx</Extensions>
    </Filter>
    <Filter Include="헤더 파일">
      <UniqueIdentifier>{93995380-89BD-4b04-88EB-625FBE52EBFB}</UniqueIdentifier>
      <Extensions>h;hh;hpp;hxx;hm;inl;inc;ipp;xsd</Extensions>
    </Filter>
    <Filter Include="리소스 파일">
      <UniqueIdentifier>{67DA6AB6-F800-4c08-8B7A-83BB121AAD01}</UniqueIdentifier>
      <Extensions>rc;ico;cur;bmp;dlg;rc2;rct;bin;rgs;gif;jpg;jpeg;jpe;resx;tiff;tif;png;wav;mfcribbon-ms</Extensions>
    </Filter>
    <Filter Include="2DGameFramework">
      <UniqueIdentifier>{acc8cb01-70a4-4cc6-9d88-d32134c13a9f}</UniqueIdentifier>
    </Filter>
    <Filter Include="playGround">
      <UniqueIdentifier>{81ef0d09-364b-467c-92b5-68b9438212f6}</UniqueIdentifier>
    </Filter>
    <Filter Include="2DGameFramework\SingletonBase">
      <UniqueIdentifier>{8f2c2318-9b69-434a-838a-8649fb3d732d}</UniqueIdentifier>
    </Filter>
    <Filter Include="2DGameFramework\Manager">
      <UniqueIdentifier>{16fac473-44a9-4f96-870f-27a66bc8d31e}</UniqueIdentifier>
    </Filter>
    <Filter Include="2DGameFramework\image">
      <UniqueIdentifier>{7fcd4216-76a8-48f1-a13f-4afb68ded7c5}</UniqueIdentifier>
    </Filter>
    <Filter Include="2DGameFramework\Util">
      <UniqueIdentifier>{7d7b862c-abb8-408f-a500-97d6ced2a4fd}</UniqueIdentifier>
    </Filter>
    <Filter Include="2DGameFramework\txtData">
      <UniqueIdentifier>{511868d2-4d81-4fc3-bf82-6322d9df63e4}</UniqueIdentifier>
    </Filter>
    <Filter Include="2DGameFramework\timer">
      <UniqueIdentifier>{6110c452-b2ac-48e8-ac0c-90e7d5151e36}</UniqueIdentifier>
    </Filter>
    <Filter Include="2DGameFramework\Object">
      <UniqueIdentifier>{b68ff02c-6821-4267-9560-d6ff2c76c0ca}</UniqueIdentifier>
    </Filter>
    <Filter Include="2DGameFramework\Manager\cpp">
      <UniqueIdentifier>{77b03ab3-11c7-4599-895b-f20124bf56ca}</UniqueIdentifier>
    </Filter>
    <Filter Include="2DGameFramework\Manager\header">
      <UniqueIdentifier>{1ad6e989-24b4-440d-a2fe-7e20af8dc749}</UniqueIdentifier>
    </Filter>
    <Filter Include="2DGameFramework\Object\Component">
      <UniqueIdentifier>{bb1fdd11-1a54-448c-8650-a78c968369b4}</UniqueIdentifier>
    </Filter>
    <Filter Include="2DGameFramework\Object\Component\cpp">
      <UniqueIdentifier>{b0910d0b-bbd1-4966-a366-dc3ee1e6ba7a}</UniqueIdentifier>
    </Filter>
    <Filter Include="2DGameFramework\Metrix">
      <UniqueIdentifier>{1df28ea1-f73c-49c6-9df3-7d7af41f9860}</UniqueIdentifier>
    </Filter>
    <Filter Include="2DGameFramework\ObjectPool">
      <UniqueIdentifier>{4ca1d902-f8ce-4dd4-bd64-fe87d373a08c}</UniqueIdentifier>
    </Filter>
    <Filter Include="2DGameFramework\Object\Component\header">
      <UniqueIdentifier>{126cfdf4-4201-448a-8695-e32eaa02db08}</UniqueIdentifier>
    </Filter>
    <Filter Include="2DGameFramework\Object\Tile">
      <UniqueIdentifier>{106b0c3d-59b3-4f1c-bcd2-0779441b83c2}</UniqueIdentifier>
    </Filter>
    <Filter Include="2DGameFramework\MapTool">
      <UniqueIdentifier>{4f183df9-7dee-411b-a752-cf66aa8b113f}</UniqueIdentifier>
    </Filter>
    <Filter Include="playGround\Dungeon">
      <UniqueIdentifier>{77c2c191-8351-4c00-a599-fdc9d525ada1}</UniqueIdentifier>
    </Filter>
    <Filter Include="playGround\Town">
      <UniqueIdentifier>{c05d42b8-fe8c-4a5e-aa2e-81c8b800830b}</UniqueIdentifier>
    </Filter>
    <Filter Include="playGround\Shop">
      <UniqueIdentifier>{7286e60a-52d9-4ffb-871d-53ea36caf427}</UniqueIdentifier>
    </Filter>
    <Filter Include="playGround\Entrance">
      <UniqueIdentifier>{e38e88b7-f833-48ab-9698-a4c2d9bb7edf}</UniqueIdentifier>
    </Filter>
    <Filter Include="playGround\Start">
      <UniqueIdentifier>{46eefbbd-5e0e-4ee3-9b0c-fb0d6bbdb874}</UniqueIdentifier>
    </Filter>
    <Filter Include="playGround\Inventory">
      <UniqueIdentifier>{9e52936e-db88-4610-a177-47ed26e541e5}</UniqueIdentifier>
    </Filter>
    <Filter Include="playGround\Player">
      <UniqueIdentifier>{bb54c656-9ba4-4370-9828-9b7f5995e818}</UniqueIdentifier>
    </Filter>
    <Filter Include="playGround\Item">
      <UniqueIdentifier>{77c1421c-a7e0-4770-97b1-e405843461d7}</UniqueIdentifier>
    </Filter>
    <Filter Include="playGround\Shop\Npc">
      <UniqueIdentifier>{0a0724a8-d624-45bd-9848-e35ab53c5fe1}</UniqueIdentifier>
    </Filter>
    <Filter Include="playGround\HP">
      <UniqueIdentifier>{d649f8a6-dd46-4811-9899-cd714899015a}</UniqueIdentifier>
    </Filter>
    <Filter Include="playGround\Bullet">
      <UniqueIdentifier>{606b9db6-d611-446c-afb2-7ae3da391c30}</UniqueIdentifier>
    </Filter>
    <Filter Include="playGround\Shop\ShopObject">
      <UniqueIdentifier>{6bb3f218-2077-4982-9bb3-17c827fe5561}</UniqueIdentifier>
    </Filter>
    <Filter Include="playGround\Shop\ShopObject\ShopStand">
      <UniqueIdentifier>{a8f5da20-97c4-47a4-b981-fb523187115d}</UniqueIdentifier>
    </Filter>
    <Filter Include="playGround\Test">
      <UniqueIdentifier>{b2e24c08-1686-43c3-90dd-d5c395430b65}</UniqueIdentifier>
    </Filter>
    <Filter Include="playGround\Smithy">
      <UniqueIdentifier>{a35f991b-c06f-44cd-9291-2de74b101e97}</UniqueIdentifier>
    </Filter>
    <Filter Include="playGround\Player\Attack">
      <UniqueIdentifier>{c50db34e-108c-4fac-9a59-1b29912f3e5c}</UniqueIdentifier>
    </Filter>
  </ItemGroup>
  <ItemGroup>
    <ClInclude Include="stdafx.h">
      <Filter>헤더 파일</Filter>
    </ClInclude>
    <ClInclude Include="targetver.h">
      <Filter>헤더 파일</Filter>
    </ClInclude>
    <ClInclude Include="Resource.h">
      <Filter>헤더 파일</Filter>
    </ClInclude>
    <ClInclude Include="windowAPI.h">
      <Filter>헤더 파일</Filter>
    </ClInclude>
    <ClInclude Include="commonMacroFunction.h">
      <Filter>헤더 파일</Filter>
    </ClInclude>
    <ClInclude Include="singletonBase.h">
      <Filter>2DGameFramework\SingletonBase</Filter>
    </ClInclude>
    <ClInclude Include="randomFunction.h">
      <Filter>헤더 파일</Filter>
    </ClInclude>
    <ClInclude Include="utils.h">
      <Filter>2DGameFramework\Util</Filter>
    </ClInclude>
    <ClInclude Include="txtData.h">
      <Filter>2DGameFramework\txtData</Filter>
    </ClInclude>
    <ClInclude Include="timer.h">
      <Filter>2DGameFramework\timer</Filter>
    </ClInclude>
    <ClInclude Include="Object.h">
      <Filter>2DGameFramework\Object</Filter>
    </ClInclude>
    <ClInclude Include="keyManager.h">
      <Filter>2DGameFramework\Manager\header</Filter>
    </ClInclude>
    <ClInclude Include="soundManager.h">
      <Filter>2DGameFramework\Manager\header</Filter>
    </ClInclude>
    <ClInclude Include="timeManager.h">
      <Filter>2DGameFramework\Manager\header</Filter>
    </ClInclude>
    <ClInclude Include="sceneManager.h">
      <Filter>2DGameFramework\Manager\header</Filter>
    </ClInclude>
    <ClInclude Include="Graphic.h">
      <Filter>2DGameFramework\image</Filter>
    </ClInclude>
    <ClInclude Include="PhysicsManager.h">
      <Filter>2DGameFramework\Manager\header</Filter>
    </ClInclude>
    <ClInclude Include="BoxWorldManager.h">
      <Filter>2DGameFramework\Manager\header</Filter>
    </ClInclude>
    <ClInclude Include="GraphicsManager.h">
      <Filter>2DGameFramework\Manager\header</Filter>
    </ClInclude>
    <ClInclude Include="Component.h">
      <Filter>2DGameFramework\Object\Component\header</Filter>
    </ClInclude>
    <ClInclude Include="Object.hpp">
      <Filter>2DGameFramework\Object</Filter>
    </ClInclude>
    <ClInclude Include="Camera.h">
      <Filter>2DGameFramework\Manager\header</Filter>
    </ClInclude>
    <ClInclude Include="Matrix2x2.h">
      <Filter>2DGameFramework\Metrix</Filter>
    </ClInclude>
    <ClInclude Include="Matrix3x3.h">
      <Filter>2DGameFramework\Metrix</Filter>
    </ClInclude>
    <ClInclude Include="Vector2.h">
      <Filter>2DGameFramework</Filter>
    </ClInclude>
    <ClInclude Include="Vector3.h">
      <Filter>2DGameFramework</Filter>
    </ClInclude>
    <ClInclude Include="Collider.h">
      <Filter>2DGameFramework\Object\Component\header</Filter>
    </ClInclude>
    <ClInclude Include="ObjectPool.h">
      <Filter>2DGameFramework\ObjectPool</Filter>
    </ClInclude>
    <ClInclude Include="ObjectPool.hpp">
      <Filter>2DGameFramework\ObjectPool</Filter>
    </ClInclude>
    <ClInclude Include="Transform.h">
      <Filter>2DGameFramework\Object\Component\header</Filter>
    </ClInclude>
    <ClInclude Include="PhysicsBody.h">
      <Filter>2DGameFramework\Object\Component\header</Filter>
    </ClInclude>
    <ClInclude Include="Sprite.h">
      <Filter>2DGameFramework\Object\Component\header</Filter>
    </ClInclude>
    <ClInclude Include="ObjectManager.h">
      <Filter>2DGameFramework\Manager\header</Filter>
    </ClInclude>
    <ClInclude Include="Scene.h">
      <Filter>2DGameFramework</Filter>
    </ClInclude>
    <ClInclude Include="iniDataManager.h">
      <Filter>2DGameFramework\Manager\header</Filter>
    </ClInclude>
    <ClInclude Include="Tile.h">
      <Filter>2DGameFramework\Object\Tile</Filter>
    </ClInclude>
    <ClInclude Include="Astar.h">
      <Filter>2DGameFramework\Object\Tile</Filter>
    </ClInclude>
    <ClInclude Include="omega.h">
      <Filter>헤더 파일</Filter>
    </ClInclude>
    <ClInclude Include="Maptool.h">
      <Filter>2DGameFramework\MapTool</Filter>
    </ClInclude>
    <ClInclude Include="DrawComponent.h">
      <Filter>2DGameFramework\Object\Component\header</Filter>
    </ClInclude>
    <ClInclude Include="JsonManager.h">
      <Filter>2DGameFramework\Manager\header</Filter>
    </ClInclude>
    <ClInclude Include="DungeonScene.h">
      <Filter>playGround\Dungeon</Filter>
    </ClInclude>
    <ClInclude Include="TownScene.h">
      <Filter>playGround\Town</Filter>
    </ClInclude>
    <ClInclude Include="ShopScene.h">
      <Filter>playGround\Shop</Filter>
    </ClInclude>
    <ClInclude Include="EntranceScene.h">
      <Filter>playGround\Entrance</Filter>
    </ClInclude>
    <ClInclude Include="StartScene.h">
      <Filter>playGround\Start</Filter>
    </ClInclude>
    <ClInclude Include="Inventory.h">
      <Filter>playGround\Inventory</Filter>
    </ClInclude>
    <ClInclude Include="Item.h">
      <Filter>playGround\Item</Filter>
    </ClInclude>
    <ClInclude Include="Player.h">
      <Filter>playGround\Player</Filter>
    </ClInclude>
    <ClInclude Include="Npc.h">
      <Filter>playGround\Shop\Npc</Filter>
    </ClInclude>
    <ClInclude Include="NpcManager.h">
      <Filter>playGround\Shop\Npc</Filter>
    </ClInclude>
    <ClInclude Include="NpcShopState.h">
      <Filter>playGround\Shop\Npc</Filter>
    </ClInclude>
    <ClInclude Include="ShopStand.h">
      <Filter>playGround\Shop\ShopObject\ShopStand</Filter>
    </ClInclude>
    <ClInclude Include="ShopStandManager.h">
      <Filter>playGround\Shop\ShopObject\ShopStand</Filter>
    </ClInclude>
    <ClInclude Include="loadingScene.h">
      <Filter>헤더 파일</Filter>
    </ClInclude>
    <ClInclude Include="ETC.h">
      <Filter>playGround\Item</Filter>
    </ClInclude>
    <ClInclude Include="Item.hpp">
      <Filter>playGround\Item</Filter>
    </ClInclude>
    <ClInclude Include="Item_Bass_Collider.h">
      <Filter>playGround\Item</Filter>
    </ClInclude>
    <ClInclude Include="Potions.h">
      <Filter>playGround\Item</Filter>
    </ClInclude>
    <ClInclude Include="Potion.h">
      <Filter>playGround\Item</Filter>
    </ClInclude>
    <ClInclude Include="Boss.h">
      <Filter>playGround\Dungeon</Filter>
    </ClInclude>
    <ClInclude Include="Enemy.h">
      <Filter>playGround\Dungeon</Filter>
    </ClInclude>
    <ClInclude Include="EnemyManeger.h">
      <Filter>playGround\Dungeon</Filter>
    </ClInclude>
    <ClInclude Include="Bullet.h">
      <Filter>playGround\Bullet</Filter>
    </ClInclude>
    <ClInclude Include="SlimeEnemy.h">
      <Filter>playGround\Dungeon</Filter>
    </ClInclude>
    <ClInclude Include="ProgressBar.h">
      <Filter>playGround\Inventory</Filter>
    </ClInclude>
    <ClInclude Include="UiManager.h">
      <Filter>playGround\Inventory</Filter>
    </ClInclude>
    <ClInclude Include="UiObject.h">
      <Filter>2DGameFramework\Object</Filter>
    </ClInclude>
    <ClInclude Include="UiObject.hpp">
      <Filter>2DGameFramework\Object</Filter>
    </ClInclude>
    <ClInclude Include="Text.h">
      <Filter>2DGameFramework\Object\Component\header</Filter>
    </ClInclude>
    <ClInclude Include="CheckStand.h">
      <Filter>playGround\Shop\ShopObject</Filter>
    </ClInclude>
    <ClInclude Include="ShopDoor.h">
      <Filter>playGround\Shop\ShopObject</Filter>
    </ClInclude>
    <ClInclude Include="Dungeon.h">
      <Filter>헤더 파일</Filter>
    </ClInclude>
    <ClInclude Include="TestScene.h">
      <Filter>playGround\Test</Filter>
    </ClInclude>
    <ClInclude Include="GolemEnemy.h">
      <Filter>playGround\Dungeon</Filter>
    </ClInclude>
    <ClInclude Include="GolemEnemy.h">
      <Filter>헤더 파일</Filter>
    </ClInclude>
    <ClInclude Include="DungeonMgr.h">
      <Filter>헤더 파일</Filter>
    </ClInclude>
    <ClInclude Include="PlayerMove.h">
      <Filter>playGround\Player</Filter>
    </ClInclude>
    <ClInclude Include="PlayerRoll.h">
      <Filter>playGround\Player</Filter>
    </ClInclude>
    <ClInclude Include="ETCS.h">
      <Filter>playGround\Item</Filter>
    </ClInclude>
    <ClInclude Include="PlayerState.h">
      <Filter>playGround\Player</Filter>
    </ClInclude>
    <ClInclude Include="Smithy.h">
      <Filter>헤더 파일</Filter>
    </ClInclude>
    <ClInclude Include="PlayerState.h">
      <Filter>playGround\Player</Filter>
    </ClInclude>
    <ClInclude Include="PlayerIdle.h">
      <Filter>playGround\Player</Filter>
    </ClInclude>
    <ClInclude Include="Ability.h">
      <Filter>playGround\HP</Filter>
    </ClInclude>
    <ClInclude Include="BossAttack.h">
      <Filter>헤더 파일</Filter>
    </ClInclude>
    <ClInclude Include="BossDead.h">
      <Filter>헤더 파일</Filter>
    </ClInclude>
    <ClInclude Include="BossHand.h">
      <Filter>헤더 파일</Filter>
    </ClInclude>
    <ClInclude Include="BossHandAtk.h">
      <Filter>헤더 파일</Filter>
    </ClInclude>
    <ClInclude Include="BossIdle.h">
      <Filter>헤더 파일</Filter>
    </ClInclude>
    <ClInclude Include="BossRockAtk.h">
      <Filter>헤더 파일</Filter>
    </ClInclude>
    <ClInclude Include="BossRoom.h">
      <Filter>헤더 파일</Filter>
    </ClInclude>
    <ClInclude Include="BossSlimeAtk.h">
      <Filter>헤더 파일</Filter>
    </ClInclude>
    <ClInclude Include="BossState.h">
      <Filter>헤더 파일</Filter>
    </ClInclude>
    <ClInclude Include="BulletScript.h">
      <Filter>헤더 파일</Filter>
    </ClInclude>
    <ClInclude Include="EnemyScript.h">
      <Filter>헤더 파일</Filter>
    </ClInclude>
    <ClInclude Include="GolemScript.h">
      <Filter>헤더 파일</Filter>
    </ClInclude>
    <ClInclude Include="ItemScript.h">
      <Filter>헤더 파일</Filter>
    </ClInclude>
    <ClInclude Include="MintPotEnemy.h">
      <Filter>헤더 파일</Filter>
    </ClInclude>
    <ClInclude Include="Particle.h">
      <Filter>헤더 파일</Filter>
    </ClInclude>
    <ClInclude Include="Particle.hpp">
      <Filter>헤더 파일</Filter>
    </ClInclude>
    <ClInclude Include="ParticleManager.h">
      <Filter>헤더 파일</Filter>
    </ClInclude>
    <ClInclude Include="RockCollider.h">
      <Filter>헤더 파일</Filter>
    </ClInclude>
    <ClInclude Include="PlayerAttackScript.h">
      <Filter>playGround\Player\Attack</Filter>
    </ClInclude>
    <ClInclude Include="SwordAttack.h">
      <Filter>playGround\Player\Attack</Filter>
    </ClInclude>
    <ClInclude Include="PlayerAttack.h">
      <Filter>playGround\Player\Attack</Filter>
    </ClInclude>
    <ClInclude Include="PlayerDead.h">
      <Filter>playGround\Player</Filter>
    </ClInclude>
    <ClInclude Include="Direct2D.h">
      <Filter>2DGameFramework\image</Filter>
    </ClInclude>
    <ClInclude Include="BowAttack.h">
      <Filter>playGround\Player\Attack</Filter>
    </ClInclude>
  </ItemGroup>
  <ItemGroup>
    <ClCompile Include="stdafx.cpp">
      <Filter>소스 파일</Filter>
    </ClCompile>
    <ClCompile Include="windowAPI.cpp">
      <Filter>소스 파일</Filter>
    </ClCompile>
    <ClCompile Include="utils.cpp">
      <Filter>2DGameFramework\Util</Filter>
    </ClCompile>
    <ClCompile Include="txtData.cpp">
      <Filter>2DGameFramework\txtData</Filter>
    </ClCompile>
    <ClCompile Include="timer.cpp">
      <Filter>2DGameFramework\timer</Filter>
    </ClCompile>
    <ClCompile Include="Object.cpp">
      <Filter>2DGameFramework\Object</Filter>
    </ClCompile>
    <ClCompile Include="keyManager.cpp">
      <Filter>2DGameFramework\Manager\cpp</Filter>
    </ClCompile>
    <ClCompile Include="soundManager.cpp">
      <Filter>2DGameFramework\Manager\cpp</Filter>
    </ClCompile>
    <ClCompile Include="timeManager.cpp">
      <Filter>2DGameFramework\Manager\cpp</Filter>
    </ClCompile>
    <ClCompile Include="sceneManager.cpp">
      <Filter>2DGameFramework\Manager\cpp</Filter>
    </ClCompile>
    <ClCompile Include="Graphic.cpp">
      <Filter>2DGameFramework\image</Filter>
    </ClCompile>
    <ClCompile Include="PhysicsManager.cpp">
      <Filter>2DGameFramework\Manager\cpp</Filter>
    </ClCompile>
    <ClCompile Include="BoxWorldManager.cpp">
      <Filter>2DGameFramework\Manager\cpp</Filter>
    </ClCompile>
    <ClCompile Include="GraphicsManager.cpp">
      <Filter>2DGameFramework\Manager\cpp</Filter>
    </ClCompile>
    <ClCompile Include="Component.cpp">
      <Filter>2DGameFramework\Object\Component\cpp</Filter>
    </ClCompile>
    <ClCompile Include="Camera.cpp">
      <Filter>2DGameFramework\Manager\cpp</Filter>
    </ClCompile>
    <ClCompile Include="Matrix2x2.cpp">
      <Filter>2DGameFramework\Metrix</Filter>
    </ClCompile>
    <ClCompile Include="Matrix3x3.cpp">
      <Filter>2DGameFramework\Metrix</Filter>
    </ClCompile>
    <ClCompile Include="Vector2.cpp">
      <Filter>2DGameFramework</Filter>
    </ClCompile>
    <ClCompile Include="Vector3.cpp">
      <Filter>2DGameFramework</Filter>
    </ClCompile>
    <ClCompile Include="Collider.cpp">
      <Filter>2DGameFramework\Object\Component\cpp</Filter>
    </ClCompile>
    <ClCompile Include="ObjectPool.cpp">
      <Filter>2DGameFramework\ObjectPool</Filter>
    </ClCompile>
    <ClCompile Include="Transform.cpp">
      <Filter>2DGameFramework\Object\Component\cpp</Filter>
    </ClCompile>
    <ClCompile Include="PhysicsBody.cpp">
      <Filter>2DGameFramework\Object\Component\cpp</Filter>
    </ClCompile>
    <ClCompile Include="Sprite.cpp">
      <Filter>2DGameFramework\Object\Component\cpp</Filter>
    </ClCompile>
    <ClCompile Include="ObjectManager.cpp">
      <Filter>2DGameFramework\Manager\cpp</Filter>
    </ClCompile>
    <ClCompile Include="Scene.cpp">
      <Filter>2DGameFramework</Filter>
    </ClCompile>
    <ClCompile Include="iniDataManager.cpp">
      <Filter>2DGameFramework\Manager\cpp</Filter>
    </ClCompile>
    <ClCompile Include="Tile.cpp">
      <Filter>2DGameFramework\Object\Tile</Filter>
    </ClCompile>
    <ClCompile Include="Astar.cpp">
      <Filter>2DGameFramework\Object\Tile</Filter>
    </ClCompile>
    <ClCompile Include="Maptool.cpp">
      <Filter>2DGameFramework\MapTool</Filter>
    </ClCompile>
    <ClCompile Include="DrawComponent.cpp">
      <Filter>2DGameFramework\Object\Component\cpp</Filter>
    </ClCompile>
    <ClCompile Include="JsonManager.cpp">
      <Filter>2DGameFramework\Manager\cpp</Filter>
    </ClCompile>
    <ClCompile Include="DungeonScene.cpp">
      <Filter>playGround\Dungeon</Filter>
    </ClCompile>
    <ClCompile Include="TownScene.cpp">
      <Filter>playGround\Town</Filter>
    </ClCompile>
    <ClCompile Include="ShopScene.cpp">
      <Filter>playGround\Shop</Filter>
    </ClCompile>
    <ClCompile Include="EntranceScene.cpp">
      <Filter>playGround\Entrance</Filter>
    </ClCompile>
    <ClCompile Include="StartScene.cpp">
      <Filter>playGround\Start</Filter>
    </ClCompile>
    <ClCompile Include="Inventory.cpp">
      <Filter>playGround\Inventory</Filter>
    </ClCompile>
    <ClCompile Include="Item.cpp">
      <Filter>playGround\Item</Filter>
    </ClCompile>
    <ClCompile Include="Player.cpp">
      <Filter>playGround\Player</Filter>
    </ClCompile>
    <ClCompile Include="Npc.cpp">
      <Filter>playGround\Shop\Npc</Filter>
    </ClCompile>
    <ClCompile Include="NpcManager.cpp">
      <Filter>playGround\Shop\Npc</Filter>
    </ClCompile>
    <ClCompile Include="NpcShopState.cpp">
      <Filter>playGround\Shop\Npc</Filter>
    </ClCompile>
    <ClCompile Include="ShopStand.cpp">
      <Filter>playGround\Shop\ShopObject\ShopStand</Filter>
    </ClCompile>
    <ClCompile Include="ShopStandManager.cpp">
      <Filter>playGround\Shop\ShopObject\ShopStand</Filter>
    </ClCompile>
    <ClCompile Include="loadingScene.cpp">
      <Filter>소스 파일</Filter>
    </ClCompile>
    <ClCompile Include="ETC.cpp">
      <Filter>playGround\Item</Filter>
    </ClCompile>
    <ClCompile Include="Item_Bass_Collider.cpp">
      <Filter>playGround\Item</Filter>
    </ClCompile>
    <ClCompile Include="Potion.cpp">
      <Filter>playGround\Item</Filter>
    </ClCompile>
    <ClCompile Include="Potions.cpp">
      <Filter>playGround\Item</Filter>
    </ClCompile>
    <ClCompile Include="Boss.cpp">
      <Filter>playGround\Dungeon</Filter>
    </ClCompile>
    <ClCompile Include="Enemy.cpp">
      <Filter>playGround\Dungeon</Filter>
    </ClCompile>
    <ClCompile Include="EnemyManeger.cpp">
      <Filter>playGround\Dungeon</Filter>
    </ClCompile>
    <ClCompile Include="Bullet.cpp">
      <Filter>playGround\Bullet</Filter>
    </ClCompile>
    <ClCompile Include="SlimeEnemy.cpp">
      <Filter>playGround\Dungeon</Filter>
    </ClCompile>
    <ClCompile Include="ProgressBar.cpp">
      <Filter>playGround\Inventory</Filter>
    </ClCompile>
    <ClCompile Include="UiManager.cpp">
      <Filter>playGround\Inventory</Filter>
    </ClCompile>
    <ClCompile Include="UiObject.cpp">
      <Filter>2DGameFramework\Object</Filter>
    </ClCompile>
    <ClCompile Include="Text.cpp">
      <Filter>2DGameFramework\Object\Component\cpp</Filter>
    </ClCompile>
    <ClCompile Include="CheckStand.cpp">
      <Filter>playGround\Shop\ShopObject</Filter>
    </ClCompile>
    <ClCompile Include="ShopDoor.cpp">
      <Filter>playGround\Shop\ShopObject</Filter>
    </ClCompile>
    <ClCompile Include="Dungeon.cpp">
      <Filter>소스 파일</Filter>
    </ClCompile>
    <ClCompile Include="TestScene.cpp">
      <Filter>playGround\Test</Filter>
    </ClCompile>
    <ClCompile Include="GolemEnemy.cpp">
      <Filter>playGround\Dungeon</Filter>
    </ClCompile>
    <ClCompile Include="GolemEnemy.cpp">
      <Filter>소스 파일</Filter>
    </ClCompile>
    <ClCompile Include="DungeonMgr.cpp">
      <Filter>소스 파일</Filter>
    </ClCompile>
    <ClCompile Include="PlayerMove.cpp">
      <Filter>playGround\Player</Filter>
    </ClCompile>
    <ClCompile Include="PlayerRoll.cpp">
      <Filter>playGround\Player</Filter>
    </ClCompile>
    <ClCompile Include="ETCS.cpp">
      <Filter>playGround\Item</Filter>
    </ClCompile>
    <ClCompile Include="PlayerState.cpp">
      <Filter>playGround\Player</Filter>
    </ClCompile>
    <ClCompile Include="Smithy.cpp">
      <Filter>소스 파일</Filter>
    </ClCompile>
    <ClCompile Include="PlayerState.cpp">
      <Filter>playGround\Player</Filter>
    </ClCompile>
    <ClCompile Include="PlayerIdle.cpp">
      <Filter>playGround\Player</Filter>
    </ClCompile>
    <ClCompile Include="Ability.cpp">
      <Filter>playGround\HP</Filter>
    </ClCompile>
    <ClCompile Include="BossAttack.cpp">
      <Filter>소스 파일</Filter>
    </ClCompile>
    <ClCompile Include="BossDead.cpp">
      <Filter>소스 파일</Filter>
    </ClCompile>
    <ClCompile Include="BossHand.cpp">
      <Filter>소스 파일</Filter>
    </ClCompile>
    <ClCompile Include="BossHandAtk.cpp">
      <Filter>소스 파일</Filter>
    </ClCompile>
    <ClCompile Include="BossIdle.cpp">
      <Filter>소스 파일</Filter>
    </ClCompile>
    <ClCompile Include="BossRockAtk.cpp">
      <Filter>소스 파일</Filter>
    </ClCompile>
    <ClCompile Include="BossRoom.cpp">
      <Filter>소스 파일</Filter>
    </ClCompile>
    <ClCompile Include="BossSlimeAtk.cpp">
      <Filter>소스 파일</Filter>
    </ClCompile>
    <ClCompile Include="BossState.cpp">
      <Filter>소스 파일</Filter>
    </ClCompile>
    <ClCompile Include="BulletScript.cpp">
      <Filter>소스 파일</Filter>
    </ClCompile>
    <ClCompile Include="EnemyScript.cpp">
      <Filter>소스 파일</Filter>
    </ClCompile>
    <ClCompile Include="GolemScript.cpp">
      <Filter>소스 파일</Filter>
    </ClCompile>
    <ClCompile Include="ItemScript.cpp">
      <Filter>소스 파일</Filter>
    </ClCompile>
    <ClCompile Include="MintPotEnemy.cpp">
      <Filter>소스 파일</Filter>
    </ClCompile>
    <ClCompile Include="Particle.cpp">
      <Filter>소스 파일</Filter>
    </ClCompile>
    <ClCompile Include="ParticleManager.cpp">
      <Filter>소스 파일</Filter>
    </ClCompile>
    <ClCompile Include="RockCollider.cpp">
      <Filter>소스 파일</Filter>
    </ClCompile>
    <ClCompile Include="PlayerAttackScript.cpp">
      <Filter>playGround\Player\Attack</Filter>
    </ClCompile>
    <ClCompile Include="SwordAttack.cpp">
      <Filter>playGround\Player\Attack</Filter>
    </ClCompile>
    <ClCompile Include="PlayerAttack.cpp">
      <Filter>playGround\Player\Attack</Filter>
    </ClCompile>
    <ClCompile Include="PlayerDead.cpp">
      <Filter>playGround\Player</Filter>
    </ClCompile>
    <ClCompile Include="Direct2D.cpp">
      <Filter>2DGameFramework\image</Filter>
    </ClCompile>
    <ClCompile Include="BowAttack.cpp">
      <Filter>playGround\Player\Attack</Filter>
    </ClCompile>
  </ItemGroup>
  <ItemGroup>
    <ResourceCompile Include="windowAPI.rc">
      <Filter>리소스 파일</Filter>
    </ResourceCompile>
  </ItemGroup>
  <ItemGroup>
    <Image Include="small.ico">
      <Filter>리소스 파일</Filter>
    </Image>
    <Image Include="windowAPI.ico">
      <Filter>리소스 파일</Filter>
    </Image>
  </ItemGroup>
</Project>